# Python 3.12 / Linux x86_64 binary-only runtime lock.
# Install with --require-hashes --only-binary=:all:; source builds are forbidden.
attrs==25.4.0 \
    --hash=sha256:adcf7e2a1fb3b36ac48d97835bb6d8ade15b8dcce26aba8bf1d14847b57a3373
cffi==2.0.0 \
    --hash=sha256:3e17ed538242334bf70832644a32a7aae3d83b57567f9fd60a26257e992b79ba
cryptography==46.0.7 \
    --hash=sha256:5ad9ef796328c5e3c4ceed237a183f5d41d21150f972455a9d926593a1dcb308 \
    --hash=sha256:420b1e4109cc95f0e5700eed79908cef9268265c773d3a66f7af1eef53d409ef \
    --hash=sha256:42a1e5f98abb6391717978baf9f90dc28a743b7d9be7f0751a6f56a75d14065b
jsonschema==4.25.1 \
    --hash=sha256:3fba0169e345c7175110351d456342c364814cfcf3b964ba4587f22915230a63
jsonschema-specifications==2025.9.1 \
    --hash=sha256:98802fee3a11ee76ecaca44429fda8a41bff98b00a0f2838151b113f210cc6fe
pycparser==3.0 \
    --hash=sha256:b727414169a36b7d524c1c3e31839a521725078d7b2ff038656844266160a992
PyYAML==6.0.3 \
    --hash=sha256:ba1cc08a7ccde2d2ec775841541641e4548226580ab850948cbfda66a1befcdc
referencing==0.37.0 \
    --hash=sha256:381329a9f99628c9069361716891d34ad94af76e461dcb0335825aecc7692231
rpds-py==0.30.0 \
    --hash=sha256:47f236970bccb2233267d89173d3ad2703cd36a0e2a6e92d0560d333871a3d23
typing-extensions==4.15.0 \
    --hash=sha256:f0fa19c6845758ab08074a0cfa8b7aecb71c999ca73d62883bc25cc018c4e548
